
Microsoft Visual Studio Solution File, Format Version 12.00
# Visual Studio 14
VisualStudioVersion = 14.0.25420.1
MinimumVisualStudioVersion = 10.0.40219.1
Project("{00D1A9C2-B5F0-4AF3-8072-F6C62B433612}") = "DacpacDemo2012", "DacpacDemo2012\DacpacDemo2012.sqlproj", "{9A032FE0-60F9-4FCC-A1DC-2556E22DCBC8}"
EndProject
Project("{2150E333-8FDC-42A3-9474-1A3956D46DE8}") = "Solution Items", "Solution Items", "{656D60A3-5E75-4DD3-B227-E78E66E682A7}"
	ProjectSection(SolutionItems) = preProject
		MSBuild.deploy = MSBuild.deploy
	EndProjectSection
EndProject
Project("{FAE04EC0-301F-11D3-BF4B-00C04F79EFBC}") = "DacpacDemo_SQLUnitTest", "dbo_PR_CreateEmployee_ROWCOUNT\DacpacDemo_SQLUnitTest.csproj", "{9BA7B707-5FFA-4B24-AEB9-21DF75E0B582}"
EndProject
Global
	GlobalSection(SolutionConfigurationPlatforms) = preSolution
		Debug|Any CPU = Debug|Any CPU
		Release|Any CPU = Release|Any CPU
	EndGlobalSection
	GlobalSection(ProjectConfigurationPlatforms) = postSolution
		{9A032FE0-60F9-4FCC-A1DC-2556E22DCBC8}.Debug|Any CPU.ActiveCfg = Debug|Any CPU
		{9A032FE0-60F9-4FCC-A1DC-2556E22DCBC8}.Debug|Any CPU.Build.0 = Debug|Any CPU
		{9A032FE0-60F9-4FCC-A1DC-2556E22DCBC8}.Debug|Any CPU.Deploy.0 = Debug|Any CPU
		{9A032FE0-60F9-4FCC-A1DC-2556E22DCBC8}.Release|Any CPU.ActiveCfg = Release|Any CPU
		{9A032FE0-60F9-4FCC-A1DC-2556E22DCBC8}.Release|Any CPU.Build.0 = Release|Any CPU
		{9A032FE0-60F9-4FCC-A1DC-2556E22DCBC8}.Release|Any CPU.Deploy.0 = Release|Any CPU
		{9BA7B707-5FFA-4B24-AEB9-21DF75E0B582}.Debug|Any CPU.ActiveCfg = Debug|Any CPU
		{9BA7B707-5FFA-4B24-AEB9-21DF75E0B582}.Debug|Any CPU.Build.0 = Debug|Any CPU
		{9BA7B707-5FFA-4B24-AEB9-21DF75E0B582}.Release|Any CPU.ActiveCfg = Release|Any CPU
		{9BA7B707-5FFA-4B24-AEB9-21DF75E0B582}.Release|Any CPU.Build.0 = Release|Any CPU
	EndGlobalSection
	GlobalSection(SolutionProperties) = preSolution
		HideSolutionNode = FALSE
	EndGlobalSection
EndGlobal
